
Microsoft Visual Studio Solution File, Format Version 12.00
# Visual Studio Version 16
VisualStudioVersion = 16.0.30225.117
MinimumVisualStudioVersion = 10.0.40219.1
Project("{2150E333-8FDC-42A3-9474-1A3956D46DE8}") = "source", "source", "{28F3501B-3A01-44A6-8FFB-CEDAA8792428}"
EndProject
Project("{2150E333-8FDC-42A3-9474-1A3956D46DE8}") = "test", "test", "{EA30A3A1-367C-41D8-B980-A8F02A35621C}"
EndProject
Project("{2150E333-8FDC-42A3-9474-1A3956D46DE8}") = "apps", "apps", "{968B106F-60EB-458B-8B72-2B6B4019C962}"
EndProject
Project("{9A19103F-16F7-4668-BE54-9A1E7A4F7556}") = "OLenake", "source\OLenake\OLenake.csproj", "{1A143176-FCFB-4B51-8B47-2B7C1F07DDD4}"
EndProject
Project("{9A19103F-16F7-4668-BE54-9A1E7A4F7556}") = "OLenake.Tests.Runner", "test\OLenake.Tests.Runner\OLenake.Tests.Runner.csproj", "{48419E28-0BD3-4345-92D8-228EAE83FD60}"
EndProject
Project("{9A19103F-16F7-4668-BE54-9A1E7A4F7556}") = "OLenake.Tests", "test\OLenake.Tests\OLenake.Tests.csproj", "{E71B6079-D41D-4525-AA75-1C5570DAECAF}"
EndProject
Project("{9A19103F-16F7-4668-BE54-9A1E7A4F7556}") = "OnkgopotseLenake", "source\OnkgopotseLenake\OnkgopotseLenake.csproj", "{428C8E58-B829-4B53-8D11-57A65F25FD67}"
EndProject
Project("{9A19103F-16F7-4668-BE54-9A1E7A4F7556}") = "DataLayer", "source\DataLayer\DataLayer.csproj", "{50DBBB83-BFD6-43EE-8893-0780EA40560F}"
EndProject
Project("{9A19103F-16F7-4668-BE54-9A1E7A4F7556}") = "ServiceLayer", "source\ServiceLayer\ServiceLayer.csproj", "{8DF1F010-EEA9-4DDD-A15A-1026F4E71DE1}"
EndProject
Project("{9A19103F-16F7-4668-BE54-9A1E7A4F7556}") = "ObjectModels", "source\ObjectModels\ObjectModels.csproj", "{F7A2AD0A-3AA0-4483-B85B-29EF4132A91F}"
EndProject
Project("{9A19103F-16F7-4668-BE54-9A1E7A4F7556}") = "ObjectModules", "source\ObjectModules\ObjectModules.csproj", "{6A657E98-EBCC-4698-88D2-D0752493F9FE}"
EndProject
Project("{9A19103F-16F7-4668-BE54-9A1E7A4F7556}") = "OLenake.Library", "source\OLenake.Library\OLenake.Library.csproj", "{1D8F6F82-9425-40DD-8F46-997B49148A04}"
EndProject
Project("{9A19103F-16F7-4668-BE54-9A1E7A4F7556}") = "OLenake.Web", "apps\Web\OLenake.Web\OLenake.Web.csproj", "{7F8699DC-1791-499A-9743-2EE9E0171019}"
EndProject
Project("{2150E333-8FDC-42A3-9474-1A3956D46DE8}") = "SolutionItems", "SolutionItems", "{B0E9E8FE-3AF2-47D3-AFCE-8B22E9794DFA}"
	ProjectSection(SolutionItems) = preProject
		LICENSE = LICENSE
		README.md = README.md
	EndProjectSection
EndProject
Global
	GlobalSection(SolutionConfigurationPlatforms) = preSolution
		Debug|Any CPU = Debug|Any CPU
		Release|Any CPU = Release|Any CPU
	EndGlobalSection
	GlobalSection(ProjectConfigurationPlatforms) = postSolution
		{1A143176-FCFB-4B51-8B47-2B7C1F07DDD4}.Debug|Any CPU.ActiveCfg = Debug|Any CPU
		{1A143176-FCFB-4B51-8B47-2B7C1F07DDD4}.Debug|Any CPU.Build.0 = Debug|Any CPU
		{1A143176-FCFB-4B51-8B47-2B7C1F07DDD4}.Release|Any CPU.ActiveCfg = Release|Any CPU
		{1A143176-FCFB-4B51-8B47-2B7C1F07DDD4}.Release|Any CPU.Build.0 = Release|Any CPU
		{48419E28-0BD3-4345-92D8-228EAE83FD60}.Debug|Any CPU.ActiveCfg = Debug|Any CPU
		{48419E28-0BD3-4345-92D8-228EAE83FD60}.Debug|Any CPU.Build.0 = Debug|Any CPU
		{48419E28-0BD3-4345-92D8-228EAE83FD60}.Release|Any CPU.ActiveCfg = Release|Any CPU
		{48419E28-0BD3-4345-92D8-228EAE83FD60}.Release|Any CPU.Build.0 = Release|Any CPU
		{E71B6079-D41D-4525-AA75-1C5570DAECAF}.Debug|Any CPU.ActiveCfg = Debug|Any CPU
		{E71B6079-D41D-4525-AA75-1C5570DAECAF}.Debug|Any CPU.Build.0 = Debug|Any CPU
		{E71B6079-D41D-4525-AA75-1C5570DAECAF}.Release|Any CPU.ActiveCfg = Release|Any CPU
		{E71B6079-D41D-4525-AA75-1C5570DAECAF}.Release|Any CPU.Build.0 = Release|Any CPU
		{428C8E58-B829-4B53-8D11-57A65F25FD67}.Debug|Any CPU.ActiveCfg = Debug|Any CPU
		{428C8E58-B829-4B53-8D11-57A65F25FD67}.Debug|Any CPU.Build.0 = Debug|Any CPU
		{428C8E58-B829-4B53-8D11-57A65F25FD67}.Release|Any CPU.ActiveCfg = Release|Any CPU
		{428C8E58-B829-4B53-8D11-57A65F25FD67}.Release|Any CPU.Build.0 = Release|Any CPU
		{50DBBB83-BFD6-43EE-8893-0780EA40560F}.Debug|Any CPU.ActiveCfg = Debug|Any CPU
		{50DBBB83-BFD6-43EE-8893-0780EA40560F}.Debug|Any CPU.Build.0 = Debug|Any CPU
		{50DBBB83-BFD6-43EE-8893-0780EA40560F}.Release|Any CPU.ActiveCfg = Release|Any CPU
		{50DBBB83-BFD6-43EE-8893-0780EA40560F}.Release|Any CPU.Build.0 = Release|Any CPU
		{8DF1F010-EEA9-4DDD-A15A-1026F4E71DE1}.Debug|Any CPU.ActiveCfg = Debug|Any CPU
		{8DF1F010-EEA9-4DDD-A15A-1026F4E71DE1}.Debug|Any CPU.Build.0 = Debug|Any CPU
		{8DF1F010-EEA9-4DDD-A15A-1026F4E71DE1}.Release|Any CPU.ActiveCfg = Release|Any CPU
		{8DF1F010-EEA9-4DDD-A15A-1026F4E71DE1}.Release|Any CPU.Build.0 = Release|Any CPU
		{F7A2AD0A-3AA0-4483-B85B-29EF4132A91F}.Debug|Any CPU.ActiveCfg = Debug|Any CPU
		{F7A2AD0A-3AA0-4483-B85B-29EF4132A91F}.Debug|Any CPU.Build.0 = Debug|Any CPU
		{F7A2AD0A-3AA0-4483-B85B-29EF4132A91F}.Release|Any CPU.ActiveCfg = Release|Any CPU
		{F7A2AD0A-3AA0-4483-B85B-29EF4132A91F}.Release|Any CPU.Build.0 = Release|Any CPU
		{6A657E98-EBCC-4698-88D2-D0752493F9FE}.Debug|Any CPU.ActiveCfg = Debug|Any CPU
		{6A657E98-EBCC-4698-88D2-D0752493F9FE}.Debug|Any CPU.Build.0 = Debug|Any CPU
		{6A657E98-EBCC-4698-88D2-D0752493F9FE}.Release|Any CPU.ActiveCfg = Release|Any CPU
		{6A657E98-EBCC-4698-88D2-D0752493F9FE}.Release|Any CPU.Build.0 = Release|Any CPU
		{1D8F6F82-9425-40DD-8F46-997B49148A04}.Debug|Any CPU.ActiveCfg = Debug|Any CPU
		{1D8F6F82-9425-40DD-8F46-997B49148A04}.Debug|Any CPU.Build.0 = Debug|Any CPU
		{1D8F6F82-9425-40DD-8F46-997B49148A04}.Release|Any CPU.ActiveCfg = Release|Any CPU
		{1D8F6F82-9425-40DD-8F46-997B49148A04}.Release|Any CPU.Build.0 = Release|Any CPU
		{7F8699DC-1791-499A-9743-2EE9E0171019}.Debug|Any CPU.ActiveCfg = Debug|Any CPU
		{7F8699DC-1791-499A-9743-2EE9E0171019}.Debug|Any CPU.Build.0 = Debug|Any CPU
		{7F8699DC-1791-499A-9743-2EE9E0171019}.Release|Any CPU.ActiveCfg = Release|Any CPU
		{7F8699DC-1791-499A-9743-2EE9E0171019}.Release|Any CPU.Build.0 = Release|Any CPU
	EndGlobalSection
	GlobalSection(SolutionProperties) = preSolution
		HideSolutionNode = FALSE
	EndGlobalSection
	GlobalSection(NestedProjects) = preSolution
		{1A143176-FCFB-4B51-8B47-2B7C1F07DDD4} = {28F3501B-3A01-44A6-8FFB-CEDAA8792428}
		{48419E28-0BD3-4345-92D8-228EAE83FD60} = {EA30A3A1-367C-41D8-B980-A8F02A35621C}
		{E71B6079-D41D-4525-AA75-1C5570DAECAF} = {EA30A3A1-367C-41D8-B980-A8F02A35621C}
		{428C8E58-B829-4B53-8D11-57A65F25FD67} = {28F3501B-3A01-44A6-8FFB-CEDAA8792428}
		{50DBBB83-BFD6-43EE-8893-0780EA40560F} = {28F3501B-3A01-44A6-8FFB-CEDAA8792428}
		{8DF1F010-EEA9-4DDD-A15A-1026F4E71DE1} = {28F3501B-3A01-44A6-8FFB-CEDAA8792428}
		{F7A2AD0A-3AA0-4483-B85B-29EF4132A91F} = {28F3501B-3A01-44A6-8FFB-CEDAA8792428}
		{6A657E98-EBCC-4698-88D2-D0752493F9FE} = {28F3501B-3A01-44A6-8FFB-CEDAA8792428}
		{1D8F6F82-9425-40DD-8F46-997B49148A04} = {28F3501B-3A01-44A6-8FFB-CEDAA8792428}
		{7F8699DC-1791-499A-9743-2EE9E0171019} = {968B106F-60EB-458B-8B72-2B6B4019C962}
	EndGlobalSection
	GlobalSection(ExtensibilityGlobals) = postSolution
		SolutionGuid = {02017771-F00C-40D6-879C-E849560CCF22}
	EndGlobalSection
EndGlobal
